
Microsoft Visual Studio Solution File, Format Version 12.00
# Visual Studio 15
Project("{FAE04EC0-301F-11D3-BF4B-00C04F79EFBC}") = "Learning1", "Learning1\Learning1.csproj", "{AC916F2A-7EB9-4F07-A3F0-04407F035B48}"
EndProject
Global
	GlobalSection(SolutionConfigurationPlatforms) = preSolution
		Debug|anycpu = Debug|anycpu
		Release|anycpu = Release|anycpu
	EndGlobalSection
	GlobalSection(ProjectConfigurationPlatforms) = postSolution
		{AC916F2A-7EB9-4F07-A3F0-04407F035B48}.Debug|anycpu.ActiveCfg = Debug|anycpu
		{AC916F2A-7EB9-4F07-A3F0-04407F035B48}.Debug|anycpu.Build.0 = Debug|anycpu
		{AC916F2A-7EB9-4F07-A3F0-04407F035B48}.Release|anycpu.ActiveCfg = Release|anycpu
		{AC916F2A-7EB9-4F07-A3F0-04407F035B48}.Release|anycpu.Build.0 = Release|anycpu
	EndGlobalSection
EndGlobal
